
Microsoft Visual Studio Solution File, Format Version 12.00
Project("{FAE04EC0-301F-11D3-BF4B-00C04F79EFBC}") = "Presentation", "Presentation\Presentation.csproj", "{96F39C10-03D4-45AC-81F5-4B1CA9F8ABF1}"
EndProject
Project("{FAE04EC0-301F-11D3-BF4B-00C04F79EFBC}") = "Deadlock", "Deadlock\Deadlock.csproj", "{26185B7F-3906-435B-A362-BC53646E5A07}"
EndProject
Project("{FAE04EC0-301F-11D3-BF4B-00C04F79EFBC}") = "YieldingControl", "YieldingControl\YieldingControl.csproj", "{B79D99AB-BCA9-4D90-B86F-3BD2D1B96919}"
EndProject
Global
	GlobalSection(SolutionConfigurationPlatforms) = preSolution
		Debug|Any CPU = Debug|Any CPU
		Release|Any CPU = Release|Any CPU
	EndGlobalSection
	GlobalSection(ProjectConfigurationPlatforms) = postSolution
		{96F39C10-03D4-45AC-81F5-4B1CA9F8ABF1}.Debug|Any CPU.ActiveCfg = Debug|Any CPU
		{96F39C10-03D4-45AC-81F5-4B1CA9F8ABF1}.Debug|Any CPU.Build.0 = Debug|Any CPU
		{96F39C10-03D4-45AC-81F5-4B1CA9F8ABF1}.Release|Any CPU.ActiveCfg = Release|Any CPU
		{96F39C10-03D4-45AC-81F5-4B1CA9F8ABF1}.Release|Any CPU.Build.0 = Release|Any CPU
		{26185B7F-3906-435B-A362-BC53646E5A07}.Debug|Any CPU.ActiveCfg = Debug|Any CPU
		{26185B7F-3906-435B-A362-BC53646E5A07}.Debug|Any CPU.Build.0 = Debug|Any CPU
		{26185B7F-3906-435B-A362-BC53646E5A07}.Release|Any CPU.ActiveCfg = Release|Any CPU
		{26185B7F-3906-435B-A362-BC53646E5A07}.Release|Any CPU.Build.0 = Release|Any CPU
		{B79D99AB-BCA9-4D90-B86F-3BD2D1B96919}.Debug|Any CPU.ActiveCfg = Debug|Any CPU
		{B79D99AB-BCA9-4D90-B86F-3BD2D1B96919}.Debug|Any CPU.Build.0 = Debug|Any CPU
		{B79D99AB-BCA9-4D90-B86F-3BD2D1B96919}.Release|Any CPU.ActiveCfg = Release|Any CPU
		{B79D99AB-BCA9-4D90-B86F-3BD2D1B96919}.Release|Any CPU.Build.0 = Release|Any CPU
	EndGlobalSection
EndGlobal
